
Microsoft Visual Studio Solution File, Format Version 12.00
# Visual Studio Version 16
VisualStudioVersion = 16.0.30503.244
MinimumVisualStudioVersion = 10.0.40219.1
Project("{FAE04EC0-301F-11D3-BF4B-00C04F79EFBC}") = "PQRS.Persistance", "PQRS.Persistance\PQRS.Persistance.csproj", "{F99D1A61-03AB-4A4E-A5D1-2184BB6CA058}"
EndProject
Project("{FAE04EC0-301F-11D3-BF4B-00C04F79EFBC}") = "PQRS.API", "PQRS.API\PQRS.API.csproj", "{3BB2F6DB-CEE9-4D9A-B7E2-6A9998B7B242}"
EndProject
Project("{FAE04EC0-301F-11D3-BF4B-00C04F79EFBC}") = "PQRS.UI", "PQRS.UI\PQRS.UI.csproj", "{5D21C699-2C39-4F71-B22C-E7B849BBBD30}"
EndProject
Global
	GlobalSection(SolutionConfigurationPlatforms) = preSolution
		Debug|Any CPU = Debug|Any CPU
		Release|Any CPU = Release|Any CPU
	EndGlobalSection
	GlobalSection(ProjectConfigurationPlatforms) = postSolution
		{F99D1A61-03AB-4A4E-A5D1-2184BB6CA058}.Debug|Any CPU.ActiveCfg = Debug|Any CPU
		{F99D1A61-03AB-4A4E-A5D1-2184BB6CA058}.Debug|Any CPU.Build.0 = Debug|Any CPU
		{F99D1A61-03AB-4A4E-A5D1-2184BB6CA058}.Release|Any CPU.ActiveCfg = Release|Any CPU
		{F99D1A61-03AB-4A4E-A5D1-2184BB6CA058}.Release|Any CPU.Build.0 = Release|Any CPU
		{3BB2F6DB-CEE9-4D9A-B7E2-6A9998B7B242}.Debug|Any CPU.ActiveCfg = Debug|Any CPU
		{3BB2F6DB-CEE9-4D9A-B7E2-6A9998B7B242}.Debug|Any CPU.Build.0 = Debug|Any CPU
		{3BB2F6DB-CEE9-4D9A-B7E2-6A9998B7B242}.Release|Any CPU.ActiveCfg = Release|Any CPU
		{3BB2F6DB-CEE9-4D9A-B7E2-6A9998B7B242}.Release|Any CPU.Build.0 = Release|Any CPU
		{5D21C699-2C39-4F71-B22C-E7B849BBBD30}.Debug|Any CPU.ActiveCfg = Debug|Any CPU
		{5D21C699-2C39-4F71-B22C-E7B849BBBD30}.Debug|Any CPU.Build.0 = Debug|Any CPU
		{5D21C699-2C39-4F71-B22C-E7B849BBBD30}.Release|Any CPU.ActiveCfg = Release|Any CPU
		{5D21C699-2C39-4F71-B22C-E7B849BBBD30}.Release|Any CPU.Build.0 = Release|Any CPU
	EndGlobalSection
	GlobalSection(SolutionProperties) = preSolution
		HideSolutionNode = FALSE
	EndGlobalSection
	GlobalSection(ExtensibilityGlobals) = postSolution
		SolutionGuid = {B33F689E-8AEB-414F-B119-281626CC5F2B}
	EndGlobalSection
EndGlobal
